
Microsoft Visual Studio Solution File, Format Version 12.00
# Visual Studio 15
VisualStudioVersion = 15.0.27130.2010
MinimumVisualStudioVersion = 10.0.40219.1
Project("{FAE04EC0-301F-11D3-BF4B-00C04F79EFBC}") = "Exercise3", "Exercise3\Exercise3.csproj", "{24415361-374C-4E59-A1BA-7F44DABE6A8C}"
EndProject
Project("{FAE04EC0-301F-11D3-BF4B-00C04F79EFBC}") = "Exercise3Tests", "Exercise3Tests\Exercise3Tests.csproj", "{F3DE5CDC-D4BD-4D0F-8D97-6B7CD3BD2DFD}"
EndProject
Global
	GlobalSection(SolutionConfigurationPlatforms) = preSolution
		Debug|Any CPU = Debug|Any CPU
		Release|Any CPU = Release|Any CPU
	EndGlobalSection
	GlobalSection(ProjectConfigurationPlatforms) = postSolution
		{24415361-374C-4E59-A1BA-7F44DABE6A8C}.Debug|Any CPU.ActiveCfg = Debug|Any CPU
		{24415361-374C-4E59-A1BA-7F44DABE6A8C}.Debug|Any CPU.Build.0 = Debug|Any CPU
		{24415361-374C-4E59-A1BA-7F44DABE6A8C}.Release|Any CPU.ActiveCfg = Release|Any CPU
		{24415361-374C-4E59-A1BA-7F44DABE6A8C}.Release|Any CPU.Build.0 = Release|Any CPU
		{F3DE5CDC-D4BD-4D0F-8D97-6B7CD3BD2DFD}.Debug|Any CPU.ActiveCfg = Debug|Any CPU
		{F3DE5CDC-D4BD-4D0F-8D97-6B7CD3BD2DFD}.Debug|Any CPU.Build.0 = Debug|Any CPU
		{F3DE5CDC-D4BD-4D0F-8D97-6B7CD3BD2DFD}.Release|Any CPU.ActiveCfg = Release|Any CPU
		{F3DE5CDC-D4BD-4D0F-8D97-6B7CD3BD2DFD}.Release|Any CPU.Build.0 = Release|Any CPU
	EndGlobalSection
	GlobalSection(SolutionProperties) = preSolution
		HideSolutionNode = FALSE
	EndGlobalSection
	GlobalSection(ExtensibilityGlobals) = postSolution
		SolutionGuid = {47B886AC-4748-434C-82BA-E98FC7BA1825}
	EndGlobalSection
EndGlobal
